
Microsoft Visual Studio Solution File, Format Version 12.00
Project("{FAE04EC0-301F-11D3-BF4B-00C04F79EFBC}") = "Tests", "Tests\Tests.csproj", "{FDF753B1-A667-496B-96E2-DD5A6363968A}"
EndProject
Project("{FAE04EC0-301F-11D3-BF4B-00C04F79EFBC}") = "Tasks", "Tasks\Tasks.csproj", "{12ED2F34-C032-4352-BA42-FA458CAFAE72}"
EndProject
Global
	GlobalSection(SolutionConfigurationPlatforms) = preSolution
		Debug|Any CPU = Debug|Any CPU
		Release|Any CPU = Release|Any CPU
	EndGlobalSection
	GlobalSection(ProjectConfigurationPlatforms) = postSolution
		{FDF753B1-A667-496B-96E2-DD5A6363968A}.Debug|Any CPU.ActiveCfg = Debug|Any CPU
		{FDF753B1-A667-496B-96E2-DD5A6363968A}.Debug|Any CPU.Build.0 = Debug|Any CPU
		{FDF753B1-A667-496B-96E2-DD5A6363968A}.Release|Any CPU.ActiveCfg = Release|Any CPU
		{FDF753B1-A667-496B-96E2-DD5A6363968A}.Release|Any CPU.Build.0 = Release|Any CPU
		{12ED2F34-C032-4352-BA42-FA458CAFAE72}.Debug|Any CPU.ActiveCfg = Debug|Any CPU
		{12ED2F34-C032-4352-BA42-FA458CAFAE72}.Debug|Any CPU.Build.0 = Debug|Any CPU
		{12ED2F34-C032-4352-BA42-FA458CAFAE72}.Release|Any CPU.ActiveCfg = Release|Any CPU
		{12ED2F34-C032-4352-BA42-FA458CAFAE72}.Release|Any CPU.Build.0 = Release|Any CPU
	EndGlobalSection
EndGlobal
